uuid: cd10290d-7c9d-4f35-af8a-77f06c84b476
langcode: en
status: true
dependencies:
  module:
    - emat_blocks
    - system
  theme:
    - madie
id: heroblock
theme: madie
region: header
weight: -5
provider: null
plugin: emat_hero_block
settings:
  id: emat_hero_block
  label: 'MAT & all Bonnies Have Been Decomissioned as of June 28, 2024'
  label_display: visible
  provider: emat_blocks
  title: null
  lead: 'The Measure Authoring Tool (MAT) and all Bonnies have been replaced by the Measure Authoring Development Integrated Environment (MADiE) as of June 28, 2024.'
  cta_box_title: 'Secure Login'
  cta_box_description: 'To log in to MADiE, a user account is required. If you are unable to log in to your MADiE account, please contact the support desk.'
  cta_primary_link_text: 'Log in to MADiE'
  cta_primary_link_url: 'https://madie.cms.gov/'
  cta_secondary_link_text: 'MADiE Access Guide'
  cta_secondary_link_url: 'https://www.emeasuretool.cms.gov/sites/default/files/2022-11/MADiEAccessGuide_1.0_508.pdf'
  cta:
    cta_box_title: null
visibility:
  request_path:
    id: request_path
    negate: false
    context_mapping: {  }
    pages: '<front>'
