uuid: bcc92a91-5720-4512-8737-ee9fcce3d54f
langcode: en
status: true
dependencies:
  module:
    - emat_blocks
  theme:
    - madie
id: hhscmsbrandingblock
theme: madie
region: footer_right
weight: 0
provider: null
plugin: emat_cms_branding_block
settings:
  id: emat_cms_branding_block
  label: 'HHS/CMS Branding Block'
  label_display: '0'
  provider: emat_blocks
  description:
    value: ''
    format: plain_text
  facebook_url: ''
  twitter_url: ''
  linkedin_url: ''
visibility: {  }
